
Microsoft Visual Studio Solution File, Format Version 12.00
# Visual Studio Version 16
VisualStudioVersion = 16.0.30413.136
MinimumVisualStudioVersion = 10.0.40219.1
Project("{FAE04EC0-301F-11D3-BF4B-00C04F79EFBC}") = "web-api-cs", "web-api-cs\web-api-cs.csproj", "{45EA9ECC-597C-4518-9BBD-1C7228D76C4C}"
EndProject
Global
	GlobalSection(SolutionConfigurationPlatforms) = preSolution
		Debug|Any CPU = Debug|Any CPU
		Release|Any CPU = Release|Any CPU
	EndGlobalSection
	GlobalSection(ProjectConfigurationPlatforms) = postSolution
		{45EA9ECC-597C-4518-9BBD-1C7228D76C4C}.Debug|Any CPU.ActiveCfg = Debug|Any CPU
		{45EA9ECC-597C-4518-9BBD-1C7228D76C4C}.Debug|Any CPU.Build.0 = Debug|Any CPU
		{45EA9ECC-597C-4518-9BBD-1C7228D76C4C}.Release|Any CPU.ActiveCfg = Release|Any CPU
		{45EA9ECC-597C-4518-9BBD-1C7228D76C4C}.Release|Any CPU.Build.0 = Release|Any CPU
	EndGlobalSection
	GlobalSection(SolutionProperties) = preSolution
		HideSolutionNode = FALSE
	EndGlobalSection
	GlobalSection(ExtensibilityGlobals) = postSolution
		SolutionGuid = {274C1BD4-8433-4717-A668-011DE586063F}
	EndGlobalSection
EndGlobal
